
Microsoft Visual Studio Solution File, Format Version 12.00
# Visual Studio 15
VisualStudioVersion = 15.0.27130.2010
MinimumVisualStudioVersion = 10.0.40219.1
Project("{9A19103F-16F7-4668-BE54-9A1E7A4F7556}") = "lambda.dynamo", "lambda.dynamo.csproj", "{90FB6A43-9C5F-4D98-B661-EAD3A75DAF51}"
EndProject
Global
	GlobalSection(SolutionConfigurationPlatforms) = preSolution
		Debug|Any CPU = Debug|Any CPU
		Release|Any CPU = Release|Any CPU
	EndGlobalSection
	GlobalSection(ProjectConfigurationPlatforms) = postSolution
		{90FB6A43-9C5F-4D98-B661-EAD3A75DAF51}.Debug|Any CPU.ActiveCfg = Debug|Any CPU
		{90FB6A43-9C5F-4D98-B661-EAD3A75DAF51}.Debug|Any CPU.Build.0 = Debug|Any CPU
		{90FB6A43-9C5F-4D98-B661-EAD3A75DAF51}.Release|Any CPU.ActiveCfg = Release|Any CPU
		{90FB6A43-9C5F-4D98-B661-EAD3A75DAF51}.Release|Any CPU.Build.0 = Release|Any CPU
	EndGlobalSection
	GlobalSection(SolutionProperties) = preSolution
		HideSolutionNode = FALSE
	EndGlobalSection
	GlobalSection(ExtensibilityGlobals) = postSolution
		SolutionGuid = {23B12F07-F6DD-4121-B667-BE0243A2C716}
	EndGlobalSection
EndGlobal
